// !$*UTF8*$!
{
	archiveVersion = 1;
	classes = {
	};
	objectVersion = 55;
	objects = {

/* Begin PBXBuildFile section */
		FE134996279C36D200CD424A /* GB_VK_SwiftUIApp.swift in Sources */ = {isa = PBXBuildFile; fileRef = FE134995279C36D200CD424A /* GB_VK_SwiftUIApp.swift */; };
		FE134998279C36D200CD424A /* LoginScreenView.swift in Sources */ = {isa = PBXBuildFile; fileRef = FE134997279C36D200CD424A /* LoginScreenView.swift */; };
		FE13499A279C36D300CD424A /* Assets.xcassets in Resources */ = {isa = PBXBuildFile; fileRef = FE134999279C36D300CD424A /* Assets.xcassets */; };
		FE13499D279C36D300CD424A /* Preview Assets.xcassets in Resources */ = {isa = PBXBuildFile; fileRef = FE13499C279C36D300CD424A /* Preview Assets.xcassets */; };
		FE21F8EE27ABFC050027225E /* Community.swift in Sources */ = {isa = PBXBuildFile; fileRef = FE21F8ED27ABFC050027225E /* Community.swift */; };
		FE21F8F027ABFC2E0027225E /* Photo.swift in Sources */ = {isa = PBXBuildFile; fileRef = FE21F8EF27ABFC2E0027225E /* Photo.swift */; };
		FE21F8F227ABFC4A0027225E /* User.swift in Sources */ = {isa = PBXBuildFile; fileRef = FE21F8F127ABFC4A0027225E /* User.swift */; };
		FE21F8F427ABFC7B0027225E /* Status.swift in Sources */ = {isa = PBXBuildFile; fileRef = FE21F8F327ABFC7B0027225E /* Status.swift */; };
		FE21F8F627ABFCE90027225E /* CommunityListView.swift in Sources */ = {isa = PBXBuildFile; fileRef = FE21F8F527ABFCE90027225E /* CommunityListView.swift */; };
		FE21F8FA27AC00800027225E /* UserListView.swift in Sources */ = {isa = PBXBuildFile; fileRef = FE21F8F927AC00800027225E /* UserListView.swift */; };
		FE21F8FC27AC01ED0027225E /* UserGallaryView.swift in Sources */ = {isa = PBXBuildFile; fileRef = FE21F8FB27AC01ED0027225E /* UserGallaryView.swift */; };
		FE21F8FF27AC02470027225E /* ASCollectionView in Frameworks */ = {isa = PBXBuildFile; productRef = FE21F8FE27AC02470027225E /* ASCollectionView */; };
		FE21F90227AC04910027225E /* MainView.swift in Sources */ = {isa = PBXBuildFile; fileRef = FE21F90127AC04910027225E /* MainView.swift */; };
		FE21F90427AC04E80027225E /* NewsListView.swift in Sources */ = {isa = PBXBuildFile; fileRef = FE21F90327AC04E80027225E /* NewsListView.swift */; };
		FE21F90627AC05500027225E /* ContentView.swift in Sources */ = {isa = PBXBuildFile; fileRef = FE21F90527AC05500027225E /* ContentView.swift */; };
		FE21F90827AC0CB30027225E /* Extensions.swift in Sources */ = {isa = PBXBuildFile; fileRef = FE21F90727AC0CB30027225E /* Extensions.swift */; };
		FE21F90A27AC137D0027225E /* News.swift in Sources */ = {isa = PBXBuildFile; fileRef = FE21F90927AC137D0027225E /* News.swift */; };
		FE21F90D27AC15250027225E /* NewsCellView.swift in Sources */ = {isa = PBXBuildFile; fileRef = FE21F90C27AC15250027225E /* NewsCellView.swift */; };
		FEC0D00527A1842300905751 /* UserCellView.swift in Sources */ = {isa = PBXBuildFile; fileRef = FEC0D00427A1842300905751 /* UserCellView.swift */; };
		FEC0D00727A1A92B00905751 /* CommunityCellView.swift in Sources */ = {isa = PBXBuildFile; fileRef = FEC0D00627A1A92B00905751 /* CommunityCellView.swift */; };
		FEC0D00927A1BC2B00905751 /* ViewModifiers.swift in Sources */ = {isa = PBXBuildFile; fileRef = FEC0D00827A1BC2B00905751 /* ViewModifiers.swift */; };
		FEC0D00B27A1BCA700905751 /* ViewBuilders.swift in Sources */ = {isa = PBXBuildFile; fileRef = FEC0D00A27A1BCA700905751 /* ViewBuilders.swift */; };
/* End PBXBuildFile section */

/* Begin PBXFileReference section */
		FE134992279C36D200CD424A /* GB_VK_SwiftUI.app */ = {isa = PBXFileReference; explicitFileType = wrapper.application; includeInIndex = 0; path = GB_VK_SwiftUI.app; sourceTree = BUILT_PRODUCTS_DIR; };
		FE134995279C36D200CD424A /* GB_VK_SwiftUIApp.swift */ = {isa = PBXFileReference; lastKnownFileType = sourcecode.swift; path = GB_VK_SwiftUIApp.swift; sourceTree = "<group>"; };
		FE134997279C36D200CD424A /* LoginScreenView.swift */ = {isa = PBXFileReference; lastKnownFileType = sourcecode.swift; path = LoginScreenView.swift; sourceTree = "<group>"; };
		FE134999279C36D300CD424A /* Assets.xcassets */ = {isa = PBXFileReference; lastKnownFileType = folder.assetcatalog; path = Assets.xcassets; sourceTree = "<group>"; };
		FE13499C279C36D300CD424A /* Preview Assets.xcassets */ = {isa = PBXFileReference; lastKnownFileType = folder.assetcatalog; path = "Preview Assets.xcassets"; sourceTree = "<group>"; };
		FE21F8ED27ABFC050027225E /* Community.swift */ = {isa = PBXFileReference; lastKnownFileType = sourcecode.swift; path = Community.swift; sourceTree = "<group>"; };
		FE21F8EF27ABFC2E0027225E /* Photo.swift */ = {isa = PBXFileReference; lastKnownFileType = sourcecode.swift; path = Photo.swift; sourceTree = "<group>"; };
		FE21F8F127ABFC4A0027225E /* User.swift */ = {isa = PBXFileReference; lastKnownFileType = sourcecode.swift; path = User.swift; sourceTree = "<group>"; };
		FE21F8F327ABFC7B0027225E /* Status.swift */ = {isa = PBXFileReference; lastKnownFileType = sourcecode.swift; path = Status.swift; sourceTree = "<group>"; };
		FE21F8F527ABFCE90027225E /* CommunityListView.swift */ = {isa = PBXFileReference; lastKnownFileType = sourcecode.swift; path = CommunityListView.swift; sourceTree = "<group>"; };
		FE21F8F927AC00800027225E /* UserListView.swift */ = {isa = PBXFileReference; lastKnownFileType = sourcecode.swift; path = UserListView.swift; sourceTree = "<group>"; };
		FE21F8FB27AC01ED0027225E /* UserGallaryView.swift */ = {isa = PBXFileReference; lastKnownFileType = sourcecode.swift; path = UserGallaryView.swift; sourceTree = "<group>"; };
		FE21F90127AC04910027225E /* MainView.swift */ = {isa = PBXFileReference; lastKnownFileType = sourcecode.swift; path = MainView.swift; sourceTree = "<group>"; };
		FE21F90327AC04E80027225E /* NewsListView.swift */ = {isa = PBXFileReference; lastKnownFileType = sourcecode.swift; path = NewsListView.swift; sourceTree = "<group>"; };
		FE21F90527AC05500027225E /* ContentView.swift */ = {isa = PBXFileReference; lastKnownFileType = sourcecode.swift; path = ContentView.swift; sourceTree = "<group>"; };
		FE21F90727AC0CB30027225E /* Extensions.swift */ = {isa = PBXFileReference; lastKnownFileType = sourcecode.swift; path = Extensions.swift; sourceTree = "<group>"; };
		FE21F90927AC137D0027225E /* News.swift */ = {isa = PBXFileReference; lastKnownFileType = sourcecode.swift; path = News.swift; sourceTree = "<group>"; };
		FE21F90C27AC15250027225E /* NewsCellView.swift */ = {isa = PBXFileReference; lastKnownFileType = sourcecode.swift; path = NewsCellView.swift; sourceTree = "<group>"; };
		FEC0D00427A1842300905751 /* UserCellView.swift */ = {isa = PBXFileReference; lastKnownFileType = sourcecode.swift; path = UserCellView.swift; sourceTree = "<group>"; };
		FEC0D00627A1A92B00905751 /* CommunityCellView.swift */ = {isa = PBXFileReference; lastKnownFileType = sourcecode.swift; path = CommunityCellView.swift; sourceTree = "<group>"; };
		FEC0D00827A1BC2B00905751 /* ViewModifiers.swift */ = {isa = PBXFileReference; lastKnownFileType = sourcecode.swift; path = ViewModifiers.swift; sourceTree = "<group>"; };
		FEC0D00A27A1BCA700905751 /* ViewBuilders.swift */ = {isa = PBXFileReference; lastKnownFileType = sourcecode.swift; path = ViewBuilders.swift; sourceTree = "<group>"; };
/* End PBXFileReference section */

/* Begin PBXFrameworksBuildPhase section */
		FE13498F279C36D200CD424A /* Frameworks */ = {
			isa = PBXFrameworksBuildPhase;
			buildActionMask = 2147483647;
			files = (
				FE21F8FF27AC02470027225E /* ASCollectionView in Frameworks */,
			);
			runOnlyForDeploymentPostprocessing = 0;
		};
/* End PBXFrameworksBuildPhase section */

/* Begin PBXGroup section */
		FE134989279C36D200CD424A = {
			isa = PBXGroup;
			children = (
				FE134994279C36D200CD424A /* GB_VK_SwiftUI */,
				FE134993279C36D200CD424A /* Products */,
			);
			sourceTree = "<group>";
		};
		FE134993279C36D200CD424A /* Products */ = {
			isa = PBXGroup;
			children = (
				FE134992279C36D200CD424A /* GB_VK_SwiftUI.app */,
			);
			name = Products;
			sourceTree = "<group>";
		};
		FE134994279C36D200CD424A /* GB_VK_SwiftUI */ = {
			isa = PBXGroup;
			children = (
				FE134995279C36D200CD424A /* GB_VK_SwiftUIApp.swift */,
				FE21F8EC27ABFB470027225E /* Models */,
				FEC0D00327A1718D00905751 /* View */,
				FE134999279C36D300CD424A /* Assets.xcassets */,
				FE13499B279C36D300CD424A /* Preview Content */,
				FE21F90727AC0CB30027225E /* Extensions.swift */,
			);
			path = GB_VK_SwiftUI;
			sourceTree = "<group>";
		};
		FE13499B279C36D300CD424A /* Preview Content */ = {
			isa = PBXGroup;
			children = (
				FE13499C279C36D300CD424A /* Preview Assets.xcassets */,
			);
			path = "Preview Content";
			sourceTree = "<group>";
		};
		FE21F8EC27ABFB470027225E /* Models */ = {
			isa = PBXGroup;
			children = (
				FE21F8ED27ABFC050027225E /* Community.swift */,
				FE21F8EF27ABFC2E0027225E /* Photo.swift */,
				FE21F8F127ABFC4A0027225E /* User.swift */,
				FE21F90927AC137D0027225E /* News.swift */,
				FE21F8F327ABFC7B0027225E /* Status.swift */,
			);
			path = Models;
			sourceTree = "<group>";
		};
		FE21F8F727ABFE880027225E /* Community */ = {
			isa = PBXGroup;
			children = (
				FEC0D00627A1A92B00905751 /* CommunityCellView.swift */,
				FE21F8F527ABFCE90027225E /* CommunityListView.swift */,
			);
			path = Community;
			sourceTree = "<group>";
		};
		FE21F8F827AC00660027225E /* User */ = {
			isa = PBXGroup;
			children = (
				FEC0D00427A1842300905751 /* UserCellView.swift */,
				FE21F8F927AC00800027225E /* UserListView.swift */,
				FE21F8FB27AC01ED0027225E /* UserGallaryView.swift */,
			);
			path = User;
			sourceTree = "<group>";
		};
		FE21F90027AC04520027225E /* Main */ = {
			isa = PBXGroup;
			children = (
				FE134997279C36D200CD424A /* LoginScreenView.swift */,
				FE21F90127AC04910027225E /* MainView.swift */,
				FE21F90527AC05500027225E /* ContentView.swift */,
			);
			path = Main;
			sourceTree = "<group>";
		};
		FE21F90B27AC15110027225E /* News */ = {
			isa = PBXGroup;
			children = (
				FE21F90327AC04E80027225E /* NewsListView.swift */,
				FE21F90C27AC15250027225E /* NewsCellView.swift */,
			);
			path = News;
			sourceTree = "<group>";
		};
		FEC0D00327A1718D00905751 /* View */ = {
			isa = PBXGroup;
			children = (
				FE21F90027AC04520027225E /* Main */,
				FE21F8F827AC00660027225E /* User */,
				FE21F8F727ABFE880027225E /* Community */,
				FE21F90B27AC15110027225E /* News */,
				FEC0D00827A1BC2B00905751 /* ViewModifiers.swift */,
				FEC0D00A27A1BCA700905751 /* ViewBuilders.swift */,
			);
			path = View;
			sourceTree = "<group>";
		};
/* End PBXGroup section */

/* Begin PBXNativeTarget section */
		FE134991279C36D200CD424A /* GB_VK_SwiftUI */ = {
			isa = PBXNativeTarget;
			buildConfigurationList = FE1349A0279C36D300CD424A /* Build configuration list for PBXNativeTarget "GB_VK_SwiftUI" */;
			buildPhases = (
				FE13498E279C36D200CD424A /* Sources */,
				FE13498F279C36D200CD424A /* Frameworks */,
				FE134990279C36D200CD424A /* Resources */,
			);
			buildRules = (
			);
			dependencies = (
			);
			name = GB_VK_SwiftUI;
			packageProductDependencies = (
				FE21F8FE27AC02470027225E /* ASCollectionView */,
			);
			productName = GB_VK_SwiftUI;
			productReference = FE134992279C36D200CD424A /* GB_VK_SwiftUI.app */;
			productType = "com.apple.product-type.application";
		};
/* End PBXNativeTarget section */

/* Begin PBXProject section */
		FE13498A279C36D200CD424A /* Project object */ = {
			isa = PBXProject;
			attributes = {
				BuildIndependentTargetsInParallel = 1;
				LastSwiftUpdateCheck = 1320;
				LastUpgradeCheck = 1320;
				TargetAttributes = {
					FE134991279C36D200CD424A = {
						CreatedOnToolsVersion = 13.2;
					};
				};
			};
			buildConfigurationList = FE13498D279C36D200CD424A /* Build configuration list for PBXProject "GB_VK_SwiftUI" */;
			compatibilityVersion = "Xcode 13.0";
			developmentRegion = en;
			hasScannedForEncodings = 0;
			knownRegions = (
				en,
				Base,
			);
			mainGroup = FE134989279C36D200CD424A;
			packageReferences = (
				FE21F8FD27AC02470027225E /* XCRemoteSwiftPackageReference "ASCollectionView" */,
			);
			productRefGroup = FE134993279C36D200CD424A /* Products */;
			projectDirPath = "";
			projectRoot = "";
			targets = (
				FE134991279C36D200CD424A /* GB_VK_SwiftUI */,
			);
		};
/* End PBXProject section */

/* Begin PBXResourcesBuildPhase section */
		FE134990279C36D200CD424A /* Resources */ = {
			isa = PBXResourcesBuildPhase;
			buildActionMask = 2147483647;
			files = (
				FE13499D279C36D300CD424A /* Preview Assets.xcassets in Resources */,
				FE13499A279C36D300CD424A /* Assets.xcassets in Resources */,
			);
			runOnlyForDeploymentPostprocessing = 0;
		};
/* End PBXResourcesBuildPhase section */

/* Begin PBXSourcesBuildPhase section */
		FE13498E279C36D200CD424A /* Sources */ = {
			isa = PBXSourcesBuildPhase;
			buildActionMask = 2147483647;
			files = (
				FE21F8F027ABFC2E0027225E /* Photo.swift in Sources */,
				FE21F90227AC04910027225E /* MainView.swift in Sources */,
				FE21F90627AC05500027225E /* ContentView.swift in Sources */,
				FE21F8F427ABFC7B0027225E /* Status.swift in Sources */,
				FEC0D00927A1BC2B00905751 /* ViewModifiers.swift in Sources */,
				FE21F8F627ABFCE90027225E /* CommunityListView.swift in Sources */,
				FE21F90D27AC15250027225E /* NewsCellView.swift in Sources */,
				FE134998279C36D200CD424A /* LoginScreenView.swift in Sources */,
				FEC0D00B27A1BCA700905751 /* ViewBuilders.swift in Sources */,
				FE21F90427AC04E80027225E /* NewsListView.swift in Sources */,
				FEC0D00527A1842300905751 /* UserCellView.swift in Sources */,
				FE21F8FA27AC00800027225E /* UserListView.swift in Sources */,
				FE21F8F227ABFC4A0027225E /* User.swift in Sources */,
				FE21F90A27AC137D0027225E /* News.swift in Sources */,
				FEC0D00727A1A92B00905751 /* CommunityCellView.swift in Sources */,
				FE21F8FC27AC01ED0027225E /* UserGallaryView.swift in Sources */,
				FE21F90827AC0CB30027225E /* Extensions.swift in Sources */,
				FE21F8EE27ABFC050027225E /* Community.swift in Sources */,
				FE134996279C36D200CD424A /* GB_VK_SwiftUIApp.swift in Sources */,
			);
			runOnlyForDeploymentPostprocessing = 0;
		};
/* End PBXSourcesBuildPhase section */

/* Begin XCBuildConfiguration section */
		FE13499E279C36D300CD424A /* Debug */ = {
			isa = XCBuildConfiguration;
			buildSettings = {
				ALWAYS_SEARCH_USER_PATHS = NO;
				CLANG_ANALYZER_NONNULL = YES;
				CLANG_ANALYZER_NUMBER_OBJECT_CONVERSION = YES_AGGRESSIVE;
				CLANG_CXX_LANGUAGE_STANDARD = "gnu++17";
				CLANG_CXX_LIBRARY = "libc++";
				CLANG_ENABLE_MODULES = YES;
				CLANG_ENABLE_OBJC_ARC = YES;
				CLANG_ENABLE_OBJC_WEAK = YES;
				CLANG_WARN_BLOCK_CAPTURE_AUTORELEASING = YES;
				CLANG_WARN_BOOL_CONVERSION = YES;
				CLANG_WARN_COMMA = YES;
				CLANG_WARN_CONSTANT_CONVERSION = YES;
				CLANG_WARN_DEPRECATED_OBJC_IMPLEMENTATIONS = YES;
				CLANG_WARN_DIRECT_OBJC_ISA_USAGE = YES_ERROR;
				CLANG_WARN_DOCUMENTATION_COMMENTS = YES;
				CLANG_WARN_EMPTY_BODY = YES;
				CLANG_WARN_ENUM_CONVERSION = YES;
				CLANG_WARN_INFINITE_RECURSION = YES;
				CLANG_WARN_INT_CONVERSION = YES;
				CLANG_WARN_NON_LITERAL_NULL_CONVERSION = YES;
				CLANG_WARN_OBJC_IMPLICIT_RETAIN_SELF = YES;
				CLANG_WARN_OBJC_LITERAL_CONVERSION = YES;
				CLANG_WARN_OBJC_ROOT_CLASS = YES_ERROR;
				CLANG_WARN_QUOTED_INCLUDE_IN_FRAMEWORK_HEADER = YES;
				CLANG_WARN_RANGE_LOOP_ANALYSIS = YES;
				CLANG_WARN_STRICT_PROTOTYPES = YES;
				CLANG_WARN_SUSPICIOUS_MOVE = YES;
				CLANG_WARN_UNGUARDED_AVAILABILITY = YES_AGGRESSIVE;
				CLANG_WARN_UNREACHABLE_CODE = YES;
				CLANG_WARN__DUPLICATE_METHOD_MATCH = YES;
				COPY_PHASE_STRIP = NO;
				DEBUG_INFORMATION_FORMAT = dwarf;
				ENABLE_STRICT_OBJC_MSGSEND = YES;
				ENABLE_TESTABILITY = YES;
				GCC_C_LANGUAGE_STANDARD = gnu11;
				GCC_DYNAMIC_NO_PIC = NO;
				GCC_NO_COMMON_BLOCKS = YES;
				GCC_OPTIMIZATION_LEVEL = 0;
				GCC_PREPROCESSOR_DEFINITIONS = (
					"DEBUG=1",
					"$(inherited)",
				);
				GCC_WARN_64_TO_32_BIT_CONVERSION = YES;
				GCC_WARN_ABOUT_RETURN_TYPE = YES_ERROR;
				GCC_WARN_UNDECLARED_SELECTOR = YES;
				GCC_WARN_UNINITIALIZED_AUTOS = YES_AGGRESSIVE;
				GCC_WARN_UNUSED_FUNCTION = YES;
				GCC_WARN_UNUSED_VARIABLE = YES;
				IPHONEOS_DEPLOYMENT_TARGET = 15.2;
				MTL_ENABLE_DEBUG_INFO = INCLUDE_SOURCE;
				MTL_FAST_MATH = YES;
				ONLY_ACTIVE_ARCH = YES;
				SDKROOT = iphoneos;
				SWIFT_ACTIVE_COMPILATION_CONDITIONS = DEBUG;
				SWIFT_OPTIMIZATION_LEVEL = "-Onone";
			};
			name = Debug;
		};
		FE13499F279C36D300CD424A /* Release */ = {
			isa = XCBuildConfiguration;
			buildSettings = {
				ALWAYS_SEARCH_USER_PATHS = NO;
				CLANG_ANALYZER_NONNULL = YES;
				CLANG_ANALYZER_NUMBER_OBJECT_CONVERSION = YES_AGGRESSIVE;
				CLANG_CXX_LANGUAGE_STANDARD = "gnu++17";
				CLANG_CXX_LIBRARY = "libc++";
				CLANG_ENABLE_MODULES = YES;
				CLANG_ENABLE_OBJC_ARC = YES;
				CLANG_ENABLE_OBJC_WEAK = YES;
				CLANG_WARN_BLOCK_CAPTURE_AUTORELEASING = YES;
				CLANG_WARN_BOOL_CONVERSION = YES;
				CLANG_WARN_COMMA = YES;
				CLANG_WARN_CONSTANT_CONVERSION = YES;
				CLANG_WARN_DEPRECATED_OBJC_IMPLEMENTATIONS = YES;
				CLANG_WARN_DIRECT_OBJC_ISA_USAGE = YES_ERROR;
				CLANG_WARN_DOCUMENTATION_COMMENTS = YES;
				CLANG_WARN_EMPTY_BODY = YES;
				CLANG_WARN_ENUM_CONVERSION = YES;
				CLANG_WARN_INFINITE_RECURSION = YES;
				CLANG_WARN_INT_CONVERSION = YES;
				CLANG_WARN_NON_LITERAL_NULL_CONVERSION = YES;
				CLANG_WARN_OBJC_IMPLICIT_RETAIN_SELF = YES;
				CLANG_WARN_OBJC_LITERAL_CONVERSION = YES;
				CLANG_WARN_OBJC_ROOT_CLASS = YES_ERROR;
				CLANG_WARN_QUOTED_INCLUDE_IN_FRAMEWORK_HEADER = YES;
				CLANG_WARN_RANGE_LOOP_ANALYSIS = YES;
				CLANG_WARN_STRICT_PROTOTYPES = YES;
				CLANG_WARN_SUSPICIOUS_MOVE = YES;
				CLANG_WARN_UNGUARDED_AVAILABILITY = YES_AGGRESSIVE;
				CLANG_WARN_UNREACHABLE_CODE = YES;
				CLANG_WARN__DUPLICATE_METHOD_MATCH = YES;
				COPY_PHASE_STRIP = NO;
				DEBUG_INFORMATION_FORMAT = "dwarf-with-dsym";
				ENABLE_NS_ASSERTIONS = NO;
				ENABLE_STRICT_OBJC_MSGSEND = YES;
				GCC_C_LANGUAGE_STANDARD = gnu11;
				GCC_NO_COMMON_BLOCKS = YES;
				GCC_WARN_64_TO_32_BIT_CONVERSION = YES;
				GCC_WARN_ABOUT_RETURN_TYPE = YES_ERROR;
				GCC_WARN_UNDECLARED_SELECTOR = YES;
				GCC_WARN_UNINITIALIZED_AUTOS = YES_AGGRESSIVE;
				GCC_WARN_UNUSED_FUNCTION = YES;
				GCC_WARN_UNUSED_VARIABLE = YES;
				IPHONEOS_DEPLOYMENT_TARGET = 15.2;
				MTL_ENABLE_DEBUG_INFO = NO;
				MTL_FAST_MATH = YES;
				SDKROOT = iphoneos;
				SWIFT_COMPILATION_MODE = wholemodule;
				SWIFT_OPTIMIZATION_LEVEL = "-O";
				VALIDATE_PRODUCT = YES;
			};
			name = Release;
		};
		FE1349A1279C36D300CD424A /* Debug */ = {
			isa = XCBuildConfiguration;
			buildSettings = {
				ASSETCATALOG_COMPILER_APPICON_NAME = AppIcon;
				ASSETCATALOG_COMPILER_GLOBAL_ACCENT_COLOR_NAME = AccentColor;
				CODE_SIGN_STYLE = Automatic;
				CURRENT_PROJECT_VERSION = 1;
				DEVELOPMENT_ASSET_PATHS = "\"GB_VK_SwiftUI/Preview Content\"";
				DEVELOPMENT_TEAM = Q3N89R8Y92;
				ENABLE_PREVIEWS = YES;
				GENERATE_INFOPLIST_FILE = YES;
				INFOPLIST_KEY_UIApplicationSceneManifest_Generation = YES;
				INFOPLIST_KEY_UIApplicationSupportsIndirectInputEvents = YES;
				INFOPLIST_KEY_UILaunchScreen_Generation = YES;
				INFOPLIST_KEY_UISupportedInterfaceOrientations_iPad = "UIInterfaceOrientationPortrait UIInterfaceOrientationPortraitUpsideDown UIInterfaceOrientationLandscapeLeft UIInterfaceOrientationLandscapeRight";
				INFOPLIST_KEY_UISupportedInterfaceOrientations_iPhone = "UIInterfaceOrientationPortrait UIInterfaceOrientationLandscapeLeft UIInterfaceOrientationLandscapeRight";
				LD_RUNPATH_SEARCH_PATHS = (
					"$(inherited)",
					"@executable_path/Frameworks",
				);
				MARKETING_VERSION = 1.0;
				PRODUCT_BUNDLE_IDENTIFIER = "haunt.GB-VK-SwiftUI";
				PRODUCT_NAME = "$(TARGET_NAME)";
				SWIFT_EMIT_LOC_STRINGS = YES;
				SWIFT_VERSION = 5.0;
				TARGETED_DEVICE_FAMILY = "1,2";
			};
			name = Debug;
		};
		FE1349A2279C36D300CD424A /* Release */ = {
			isa = XCBuildConfiguration;
			buildSettings = {
				ASSETCATALOG_COMPILER_APPICON_NAME = AppIcon;
				ASSETCATALOG_COMPILER_GLOBAL_ACCENT_COLOR_NAME = AccentColor;
				CODE_SIGN_STYLE = Automatic;
				CURRENT_PROJECT_VERSION = 1;
				DEVELOPMENT_ASSET_PATHS = "\"GB_VK_SwiftUI/Preview Content\"";
				DEVELOPMENT_TEAM = Q3N89R8Y92;
				ENABLE_PREVIEWS = YES;
				GENERATE_INFOPLIST_FILE = YES;
				INFOPLIST_KEY_UIApplicationSceneManifest_Generation = YES;
				INFOPLIST_KEY_UIApplicationSupportsIndirectInputEvents = YES;
				INFOPLIST_KEY_UILaunchScreen_Generation = YES;
				INFOPLIST_KEY_UISupportedInterfaceOrientations_iPad = "UIInterfaceOrientationPortrait UIInterfaceOrientationPortraitUpsideDown UIInterfaceOrientationLandscapeLeft UIInterfaceOrientationLandscapeRight";
				INFOPLIST_KEY_UISupportedInterfaceOrientations_iPhone = "UIInterfaceOrientationPortrait UIInterfaceOrientationLandscapeLeft UIInterfaceOrientationLandscapeRight";
				LD_RUNPATH_SEARCH_PATHS = (
					"$(inherited)",
					"@executable_path/Frameworks",
				);
				MARKETING_VERSION = 1.0;
				PRODUCT_BUNDLE_IDENTIFIER = "haunt.GB-VK-SwiftUI";
				PRODUCT_NAME = "$(TARGET_NAME)";
				SWIFT_EMIT_LOC_STRINGS = YES;
				SWIFT_VERSION = 5.0;
				TARGETED_DEVICE_FAMILY = "1,2";
			};
			name = Release;
		};
/* End XCBuildConfiguration section */

/* Begin XCConfigurationList section */
		FE13498D279C36D200CD424A /* Build configuration list for PBXProject "GB_VK_SwiftUI" */ = {
			isa = XCConfigurationList;
			buildConfigurations = (
				FE13499E279C36D300CD424A /* Debug */,
				FE13499F279C36D300CD424A /* Release */,
			);
			defaultConfigurationIsVisible = 0;
			defaultConfigurationName = Release;
		};
		FE1349A0279C36D300CD424A /* Build configuration list for PBXNativeTarget "GB_VK_SwiftUI" */ = {
			isa = XCConfigurationList;
			buildConfigurations = (
				FE1349A1279C36D300CD424A /* Debug */,
				FE1349A2279C36D300CD424A /* Release */,
			);
			defaultConfigurationIsVisible = 0;
			defaultConfigurationName = Release;
		};
/* End XCConfigurationList section */

/* Begin XCRemoteSwiftPackageReference section */
		FE21F8FD27AC02470027225E /* XCRemoteSwiftPackageReference "ASCollectionView" */ = {
			isa = XCRemoteSwiftPackageReference;
			repositoryURL = "https://github.com/apptekstudios/ASCollectionView";
			requirement = {
				kind = upToNextMajorVersion;
				minimumVersion = 2.0.0;
			};
		};
/* End XCRemoteSwiftPackageReference section */

/* Begin XCSwiftPackageProductDependency section */
		FE21F8FE27AC02470027225E /* ASCollectionView */ = {
			isa = XCSwiftPackageProductDependency;
			package = FE21F8FD27AC02470027225E /* XCRemoteSwiftPackageReference "ASCollectionView" */;
			productName = ASCollectionView;
		};
/* End XCSwiftPackageProductDependency section */
	};
	rootObject = FE13498A279C36D200CD424A /* Project object */;
}
